{
  "markbot": "7d1a128db02adb476e018022f03fd651b7865456bdcf65470599ca7530a2a371",
  "markbotignore": "030a4e6e1b3b6b510514a7ae54576e2c2ef762d56236c6414ef634955d96a126",
  "css/main.css": "bec2a15c1e38c3086fefda9e3b6fdee1dabac43282d72dc0aa552a0946d7bf21",
  "css/type.css": "27fa12036c60f595907a588d0adec045b6d52d163dd9ced14fba623382a9766c",
  "index-320.png": "c0cc8b283ee5dc485b3d4aa609567a20a49bcfcbe834f118d2afaea179a89d78",
  "index-400.png": "3d0a4686347f6993bf082aa421694114afe48583871b578ac42f9743b3bc82d2",
  "index-608.png": "bd535e73076e04687d8b9055dd4febf50d5ace7b1e83bf2ceb2197eb4a1e7e1e",
  "index-960.png": "b6b6eafd92e2fd4055b77058aaf458d6836d1a058ee6beb83369a0e2d780468c",
  "index-1440.png": "af354acdbfe20ce211271fe0a015d70f4a351f38c9ee0503f091d61c5e80322e"
}